// !$*UTF8*$!
{
	archiveVersion = 1;
	classes = {
	};
	objectVersion = 56;
	objects = {

/* Begin PBXBuildFile section */
		4B07CC792C45B22000368447 /* AppDelegate.swift in Sources */ = {isa = PBXBuildFile; fileRef = 4B07CC782C45B22000368447 /* AppDelegate.swift */; };
		4B07CC7B2C45B22000368447 /* SceneDelegate.swift in Sources */ = {isa = PBXBuildFile; fileRef = 4B07CC7A2C45B22000368447 /* SceneDelegate.swift */; };
		4B07CC7D2C45B22000368447 /* ViewController.swift in Sources */ = {isa = PBXBuildFile; fileRef = 4B07CC7C2C45B22000368447 /* ViewController.swift */; };
		4B07CC822C45B22100368447 /* Assets.xcassets in Resources */ = {isa = PBXBuildFile; fileRef = 4B07CC812C45B22100368447 /* Assets.xcassets */; };
		4B07CC852C45B22100368447 /* Base in Resources */ = {isa = PBXBuildFile; fileRef = 4B07CC842C45B22100368447 /* Base */; };
		4B07CC8E2C45B74800368447 /* MovieModel.swift in Sources */ = {isa = PBXBuildFile; fileRef = 4B07CC8D2C45B74800368447 /* MovieModel.swift */; };
		4B07CC912C45B8CA00368447 /* NetworkClient.swift in Sources */ = {isa = PBXBuildFile; fileRef = 4B07CC902C45B8CA00368447 /* NetworkClient.swift */; };
		4B07CC942C45B96700368447 /* Extensions.swift in Sources */ = {isa = PBXBuildFile; fileRef = 4B07CC932C45B96700368447 /* Extensions.swift */; };
		4B07CC972C45BD9700368447 /* MovieListViewModel.swift in Sources */ = {isa = PBXBuildFile; fileRef = 4B07CC962C45BD9700368447 /* MovieListViewModel.swift */; };
		4B07CCF72C4AB2F100368447 /* OmdbApiUIKitTests.swift in Sources */ = {isa = PBXBuildFile; fileRef = 4B07CCF62C4AB2F100368447 /* OmdbApiUIKitTests.swift */; };
		4B07CCFD2C4AB3D900368447 /* NetworkClient.swift in Sources */ = {isa = PBXBuildFile; fileRef = 4B07CC902C45B8CA00368447 /* NetworkClient.swift */; };
		4B07CCFE2C4AB3FE00368447 /* ViewController.swift in Sources */ = {isa = PBXBuildFile; fileRef = 4B07CC7C2C45B22000368447 /* ViewController.swift */; };
		4B07CCFF2C4AB40200368447 /* MovieListViewModel.swift in Sources */ = {isa = PBXBuildFile; fileRef = 4B07CC962C45BD9700368447 /* MovieListViewModel.swift */; };
		4B07CD002C4AB40600368447 /* Extensions.swift in Sources */ = {isa = PBXBuildFile; fileRef = 4B07CC932C45B96700368447 /* Extensions.swift */; };
		4B07CD012C4AB5BE00368447 /* MovieModel.swift in Sources */ = {isa = PBXBuildFile; fileRef = 4B07CC8D2C45B74800368447 /* MovieModel.swift */; };
		4B07CD042C4D4E9200368447 /* CardViewContoller.swift in Sources */ = {isa = PBXBuildFile; fileRef = 4B07CD032C4D4E9200368447 /* CardViewContoller.swift */; };
		4B5C00172C66C03B00741200 /* OMDBImage.swift in Sources */ = {isa = PBXBuildFile; fileRef = 4B5C00162C66C03B00741200 /* OMDBImage.swift */; };
		4B5C001B2C675A5E00741200 /* OMDBTitleLabel.swift in Sources */ = {isa = PBXBuildFile; fileRef = 4B5C001A2C675A5E00741200 /* OMDBTitleLabel.swift */; };
		4B5C001D2C675B1F00741200 /* OMDBBodyLabel.swift in Sources */ = {isa = PBXBuildFile; fileRef = 4B5C001C2C675B1F00741200 /* OMDBBodyLabel.swift */; };
		4B5C001F2C675B9900741200 /* OMDBCardView.swift in Sources */ = {isa = PBXBuildFile; fileRef = 4B5C001E2C675B9800741200 /* OMDBCardView.swift */; };
		4B76E6752C67F5BE005D5C19 /* MovieDetailVC.swift in Sources */ = {isa = PBXBuildFile; fileRef = 4B76E6742C67F5BE005D5C19 /* MovieDetailVC.swift */; };
		4B76E6782C67F7D2005D5C19 /* Constants.swift in Sources */ = {isa = PBXBuildFile; fileRef = 4B76E6772C67F7D2005D5C19 /* Constants.swift */; };
/* End PBXBuildFile section */

/* Begin PBXContainerItemProxy section */
		4B07CCF82C4AB2F100368447 /* PBXContainerItemProxy */ = {
			isa = PBXContainerItemProxy;
			containerPortal = 4B07CC6D2C45B21F00368447 /* Project object */;
			proxyType = 1;
			remoteGlobalIDString = 4B07CC742C45B21F00368447;
			remoteInfo = OmdbApiUIKit;
		};
/* End PBXContainerItemProxy section */

/* Begin PBXFileReference section */
		4B07CC752C45B22000368447 /* OmdbApiUIKit.app */ = {isa = PBXFileReference; explicitFileType = wrapper.application; includeInIndex = 0; path = OmdbApiUIKit.app; sourceTree = BUILT_PRODUCTS_DIR; };
		4B07CC782C45B22000368447 /* AppDelegate.swift */ = {isa = PBXFileReference; lastKnownFileType = sourcecode.swift; path = AppDelegate.swift; sourceTree = "<group>"; };
		4B07CC7A2C45B22000368447 /* SceneDelegate.swift */ = {isa = PBXFileReference; lastKnownFileType = sourcecode.swift; path = SceneDelegate.swift; sourceTree = "<group>"; };
		4B07CC7C2C45B22000368447 /* ViewController.swift */ = {isa = PBXFileReference; lastKnownFileType = sourcecode.swift; path = ViewController.swift; sourceTree = "<group>"; };
		4B07CC812C45B22100368447 /* Assets.xcassets */ = {isa = PBXFileReference; lastKnownFileType = folder.assetcatalog; path = Assets.xcassets; sourceTree = "<group>"; };
		4B07CC842C45B22100368447 /* Base */ = {isa = PBXFileReference; lastKnownFileType = file.storyboard; name = Base; path = Base.lproj/LaunchScreen.storyboard; sourceTree = "<group>"; };
		4B07CC862C45B22100368447 /* Info.plist */ = {isa = PBXFileReference; lastKnownFileType = text.plist.xml; path = Info.plist; sourceTree = "<group>"; };
		4B07CC8D2C45B74800368447 /* MovieModel.swift */ = {isa = PBXFileReference; lastKnownFileType = sourcecode.swift; path = MovieModel.swift; sourceTree = "<group>"; };
		4B07CC902C45B8CA00368447 /* NetworkClient.swift */ = {isa = PBXFileReference; lastKnownFileType = sourcecode.swift; path = NetworkClient.swift; sourceTree = "<group>"; };
		4B07CC932C45B96700368447 /* Extensions.swift */ = {isa = PBXFileReference; lastKnownFileType = sourcecode.swift; path = Extensions.swift; sourceTree = "<group>"; };
		4B07CC962C45BD9700368447 /* MovieListViewModel.swift */ = {isa = PBXFileReference; lastKnownFileType = sourcecode.swift; path = MovieListViewModel.swift; sourceTree = "<group>"; };
		4B07CCF42C4AB2F100368447 /* OmdbApiUIKitTests.xctest */ = {isa = PBXFileReference; explicitFileType = wrapper.cfbundle; includeInIndex = 0; path = OmdbApiUIKitTests.xctest; sourceTree = BUILT_PRODUCTS_DIR; };
		4B07CCF62C4AB2F100368447 /* OmdbApiUIKitTests.swift */ = {isa = PBXFileReference; lastKnownFileType = sourcecode.swift; path = OmdbApiUIKitTests.swift; sourceTree = "<group>"; };
		4B07CD032C4D4E9200368447 /* CardViewContoller.swift */ = {isa = PBXFileReference; lastKnownFileType = sourcecode.swift; path = CardViewContoller.swift; sourceTree = "<group>"; };
		4B5C00162C66C03B00741200 /* OMDBImage.swift */ = {isa = PBXFileReference; lastKnownFileType = sourcecode.swift; path = OMDBImage.swift; sourceTree = "<group>"; };
		4B5C001A2C675A5E00741200 /* OMDBTitleLabel.swift */ = {isa = PBXFileReference; lastKnownFileType = sourcecode.swift; path = OMDBTitleLabel.swift; sourceTree = "<group>"; };
		4B5C001C2C675B1F00741200 /* OMDBBodyLabel.swift */ = {isa = PBXFileReference; lastKnownFileType = sourcecode.swift; path = OMDBBodyLabel.swift; sourceTree = "<group>"; };
		4B5C001E2C675B9800741200 /* OMDBCardView.swift */ = {isa = PBXFileReference; lastKnownFileType = sourcecode.swift; path = OMDBCardView.swift; sourceTree = "<group>"; };
		4B76E6742C67F5BE005D5C19 /* MovieDetailVC.swift */ = {isa = PBXFileReference; lastKnownFileType = sourcecode.swift; path = MovieDetailVC.swift; sourceTree = "<group>"; };
		4B76E6772C67F7D2005D5C19 /* Constants.swift */ = {isa = PBXFileReference; lastKnownFileType = sourcecode.swift; path = Constants.swift; sourceTree = "<group>"; };
/* End PBXFileReference section */

/* Begin PBXFrameworksBuildPhase section */
		4B07CC722C45B21F00368447 /* Frameworks */ = {
			isa = PBXFrameworksBuildPhase;
			buildActionMask = 2147483647;
			files = (
			);
			runOnlyForDeploymentPostprocessing = 0;
		};
		4B07CCF12C4AB2F100368447 /* Frameworks */ = {
			isa = PBXFrameworksBuildPhase;
			buildActionMask = 2147483647;
			files = (
			);
			runOnlyForDeploymentPostprocessing = 0;
		};
/* End PBXFrameworksBuildPhase section */

/* Begin PBXGroup section */
		4B07CC6C2C45B21F00368447 = {
			isa = PBXGroup;
			children = (
				4B07CC772C45B22000368447 /* OmdbApiUIKit */,
				4B07CCF52C4AB2F100368447 /* OmdbApiUIKitTests */,
				4B07CC762C45B22000368447 /* Products */,
			);
			sourceTree = "<group>";
		};
		4B07CC762C45B22000368447 /* Products */ = {
			isa = PBXGroup;
			children = (
				4B07CC752C45B22000368447 /* OmdbApiUIKit.app */,
				4B07CCF42C4AB2F100368447 /* OmdbApiUIKitTests.xctest */,
			);
			name = Products;
			sourceTree = "<group>";
		};
		4B07CC772C45B22000368447 /* OmdbApiUIKit */ = {
			isa = PBXGroup;
			children = (
				4B76E6762C67F7C6005D5C19 /* Utility */,
				4B5C00152C66C00A00741200 /* Views */,
				4B07CD022C4D4E7A00368447 /* View Controllers */,
				4B07CC952C45BD7E00368447 /* View Models */,
				4B07CC922C45B95900368447 /* Extensions */,
				4B07CC8F2C45B8B100368447 /* NetworkClient */,
				4B07CC8C2C45B73B00368447 /* Models */,
				4B07CC782C45B22000368447 /* AppDelegate.swift */,
				4B07CC7A2C45B22000368447 /* SceneDelegate.swift */,
				4B07CC7C2C45B22000368447 /* ViewController.swift */,
				4B07CC812C45B22100368447 /* Assets.xcassets */,
				4B07CC832C45B22100368447 /* LaunchScreen.storyboard */,
				4B07CC862C45B22100368447 /* Info.plist */,
			);
			path = OmdbApiUIKit;
			sourceTree = "<group>";
		};
		4B07CC8C2C45B73B00368447 /* Models */ = {
			isa = PBXGroup;
			children = (
				4B07CC8D2C45B74800368447 /* MovieModel.swift */,
			);
			path = Models;
			sourceTree = "<group>";
		};
		4B07CC8F2C45B8B100368447 /* NetworkClient */ = {
			isa = PBXGroup;
			children = (
				4B07CC902C45B8CA00368447 /* NetworkClient.swift */,
			);
			path = NetworkClient;
			sourceTree = "<group>";
		};
		4B07CC922C45B95900368447 /* Extensions */ = {
			isa = PBXGroup;
			children = (
				4B07CC932C45B96700368447 /* Extensions.swift */,
			);
			path = Extensions;
			sourceTree = "<group>";
		};
		4B07CC952C45BD7E00368447 /* View Models */ = {
			isa = PBXGroup;
			children = (
				4B07CC962C45BD9700368447 /* MovieListViewModel.swift */,
			);
			path = "View Models";
			sourceTree = "<group>";
		};
		4B07CCF52C4AB2F100368447 /* OmdbApiUIKitTests */ = {
			isa = PBXGroup;
			children = (
				4B07CCF62C4AB2F100368447 /* OmdbApiUIKitTests.swift */,
			);
			path = OmdbApiUIKitTests;
			sourceTree = "<group>";
		};
		4B07CD022C4D4E7A00368447 /* View Controllers */ = {
			isa = PBXGroup;
			children = (
				4B07CD032C4D4E9200368447 /* CardViewContoller.swift */,
				4B76E6742C67F5BE005D5C19 /* MovieDetailVC.swift */,
			);
			path = "View Controllers";
			sourceTree = "<group>";
		};
		4B5C00152C66C00A00741200 /* Views */ = {
			isa = PBXGroup;
			children = (
				4B5C00162C66C03B00741200 /* OMDBImage.swift */,
				4B5C001A2C675A5E00741200 /* OMDBTitleLabel.swift */,
				4B5C001C2C675B1F00741200 /* OMDBBodyLabel.swift */,
				4B5C001E2C675B9800741200 /* OMDBCardView.swift */,
			);
			path = Views;
			sourceTree = "<group>";
		};
		4B76E6762C67F7C6005D5C19 /* Utility */ = {
			isa = PBXGroup;
			children = (
				4B76E6772C67F7D2005D5C19 /* Constants.swift */,
			);
			path = Utility;
			sourceTree = "<group>";
		};
/* End PBXGroup section */

/* Begin PBXNativeTarget section */
		4B07CC742C45B21F00368447 /* OmdbApiUIKit */ = {
			isa = PBXNativeTarget;
			buildConfigurationList = 4B07CC892C45B22100368447 /* Build configuration list for PBXNativeTarget "OmdbApiUIKit" */;
			buildPhases = (
				4B07CC712C45B21F00368447 /* Sources */,
				4B07CC722C45B21F00368447 /* Frameworks */,
				4B07CC732C45B21F00368447 /* Resources */,
			);
			buildRules = (
			);
			dependencies = (
			);
			name = OmdbApiUIKit;
			productName = OmdbApiUIKit;
			productReference = 4B07CC752C45B22000368447 /* OmdbApiUIKit.app */;
			productType = "com.apple.product-type.application";
		};
		4B07CCF32C4AB2F100368447 /* OmdbApiUIKitTests */ = {
			isa = PBXNativeTarget;
			buildConfigurationList = 4B07CCFC2C4AB2F100368447 /* Build configuration list for PBXNativeTarget "OmdbApiUIKitTests" */;
			buildPhases = (
				4B07CCF02C4AB2F100368447 /* Sources */,
				4B07CCF12C4AB2F100368447 /* Frameworks */,
				4B07CCF22C4AB2F100368447 /* Resources */,
			);
			buildRules = (
			);
			dependencies = (
				4B07CCF92C4AB2F100368447 /* PBXTargetDependency */,
			);
			name = OmdbApiUIKitTests;
			productName = OmdbApiUIKitTests;
			productReference = 4B07CCF42C4AB2F100368447 /* OmdbApiUIKitTests.xctest */;
			productType = "com.apple.product-type.bundle.unit-test";
		};
/* End PBXNativeTarget section */

/* Begin PBXProject section */
		4B07CC6D2C45B21F00368447 /* Project object */ = {
			isa = PBXProject;
			attributes = {
				BuildIndependentTargetsInParallel = 1;
				LastSwiftUpdateCheck = 1530;
				LastUpgradeCheck = 1530;
				TargetAttributes = {
					4B07CC742C45B21F00368447 = {
						CreatedOnToolsVersion = 15.3;
					};
					4B07CCF32C4AB2F100368447 = {
						CreatedOnToolsVersion = 15.3;
						TestTargetID = 4B07CC742C45B21F00368447;
					};
				};
			};
			buildConfigurationList = 4B07CC702C45B21F00368447 /* Build configuration list for PBXProject "OmdbApiUIKit" */;
			compatibilityVersion = "Xcode 14.0";
			developmentRegion = en;
			hasScannedForEncodings = 0;
			knownRegions = (
				en,
				Base,
			);
			mainGroup = 4B07CC6C2C45B21F00368447;
			productRefGroup = 4B07CC762C45B22000368447 /* Products */;
			projectDirPath = "";
			projectRoot = "";
			targets = (
				4B07CC742C45B21F00368447 /* OmdbApiUIKit */,
				4B07CCF32C4AB2F100368447 /* OmdbApiUIKitTests */,
			);
		};
/* End PBXProject section */

/* Begin PBXResourcesBuildPhase section */
		4B07CC732C45B21F00368447 /* Resources */ = {
			isa = PBXResourcesBuildPhase;
			buildActionMask = 2147483647;
			files = (
				4B07CC822C45B22100368447 /* Assets.xcassets in Resources */,
				4B07CC852C45B22100368447 /* Base in Resources */,
			);
			runOnlyForDeploymentPostprocessing = 0;
		};
		4B07CCF22C4AB2F100368447 /* Resources */ = {
			isa = PBXResourcesBuildPhase;
			buildActionMask = 2147483647;
			files = (
			);
			runOnlyForDeploymentPostprocessing = 0;
		};
/* End PBXResourcesBuildPhase section */

/* Begin PBXSourcesBuildPhase section */
		4B07CC712C45B21F00368447 /* Sources */ = {
			isa = PBXSourcesBuildPhase;
			buildActionMask = 2147483647;
			files = (
				4B07CC8E2C45B74800368447 /* MovieModel.swift in Sources */,
				4B5C00172C66C03B00741200 /* OMDBImage.swift in Sources */,
				4B07CD042C4D4E9200368447 /* CardViewContoller.swift in Sources */,
				4B5C001B2C675A5E00741200 /* OMDBTitleLabel.swift in Sources */,
				4B07CC942C45B96700368447 /* Extensions.swift in Sources */,
				4B76E6752C67F5BE005D5C19 /* MovieDetailVC.swift in Sources */,
				4B07CC912C45B8CA00368447 /* NetworkClient.swift in Sources */,
				4B5C001D2C675B1F00741200 /* OMDBBodyLabel.swift in Sources */,
				4B07CC972C45BD9700368447 /* MovieListViewModel.swift in Sources */,
				4B5C001F2C675B9900741200 /* OMDBCardView.swift in Sources */,
				4B07CC7D2C45B22000368447 /* ViewController.swift in Sources */,
				4B76E6782C67F7D2005D5C19 /* Constants.swift in Sources */,
				4B07CC792C45B22000368447 /* AppDelegate.swift in Sources */,
				4B07CC7B2C45B22000368447 /* SceneDelegate.swift in Sources */,
			);
			runOnlyForDeploymentPostprocessing = 0;
		};
		4B07CCF02C4AB2F100368447 /* Sources */ = {
			isa = PBXSourcesBuildPhase;
			buildActionMask = 2147483647;
			files = (
				4B07CD012C4AB5BE00368447 /* MovieModel.swift in Sources */,
				4B07CD002C4AB40600368447 /* Extensions.swift in Sources */,
				4B07CCFE2C4AB3FE00368447 /* ViewController.swift in Sources */,
				4B07CCF72C4AB2F100368447 /* OmdbApiUIKitTests.swift in Sources */,
				4B07CCFD2C4AB3D900368447 /* NetworkClient.swift in Sources */,
				4B07CCFF2C4AB40200368447 /* MovieListViewModel.swift in Sources */,
			);
			runOnlyForDeploymentPostprocessing = 0;
		};
/* End PBXSourcesBuildPhase section */

/* Begin PBXTargetDependency section */
		4B07CCF92C4AB2F100368447 /* PBXTargetDependency */ = {
			isa = PBXTargetDependency;
			target = 4B07CC742C45B21F00368447 /* OmdbApiUIKit */;
			targetProxy = 4B07CCF82C4AB2F100368447 /* PBXContainerItemProxy */;
		};
/* End PBXTargetDependency section */

/* Begin PBXVariantGroup section */
		4B07CC832C45B22100368447 /* LaunchScreen.storyboard */ = {
			isa = PBXVariantGroup;
			children = (
				4B07CC842C45B22100368447 /* Base */,
			);
			name = LaunchScreen.storyboard;
			sourceTree = "<group>";
		};
/* End PBXVariantGroup section */

/* Begin XCBuildConfiguration section */
		4B07CC872C45B22100368447 /* Debug */ = {
			isa = XCBuildConfiguration;
			buildSettings = {
				ALWAYS_SEARCH_USER_PATHS = NO;
				ASSETCATALOG_COMPILER_GENERATE_SWIFT_ASSET_SYMBOL_EXTENSIONS = YES;
				CLANG_ANALYZER_NONNULL = YES;
				CLANG_ANALYZER_NUMBER_OBJECT_CONVERSION = YES_AGGRESSIVE;
				CLANG_CXX_LANGUAGE_STANDARD = "gnu++20";
				CLANG_ENABLE_MODULES = YES;
				CLANG_ENABLE_OBJC_ARC = YES;
				CLANG_ENABLE_OBJC_WEAK = YES;
				CLANG_WARN_BLOCK_CAPTURE_AUTORELEASING = YES;
				CLANG_WARN_BOOL_CONVERSION = YES;
				CLANG_WARN_COMMA = YES;
				CLANG_WARN_CONSTANT_CONVERSION = YES;
				CLANG_WARN_DEPRECATED_OBJC_IMPLEMENTATIONS = YES;
				CLANG_WARN_DIRECT_OBJC_ISA_USAGE = YES_ERROR;
				CLANG_WARN_DOCUMENTATION_COMMENTS = YES;
				CLANG_WARN_EMPTY_BODY = YES;
				CLANG_WARN_ENUM_CONVERSION = YES;
				CLANG_WARN_INFINITE_RECURSION = YES;
				CLANG_WARN_INT_CONVERSION = YES;
				CLANG_WARN_NON_LITERAL_NULL_CONVERSION = YES;
				CLANG_WARN_OBJC_IMPLICIT_RETAIN_SELF = YES;
				CLANG_WARN_OBJC_LITERAL_CONVERSION = YES;
				CLANG_WARN_OBJC_ROOT_CLASS = YES_ERROR;
				CLANG_WARN_QUOTED_INCLUDE_IN_FRAMEWORK_HEADER = YES;
				CLANG_WARN_RANGE_LOOP_ANALYSIS = YES;
				CLANG_WARN_STRICT_PROTOTYPES = YES;
				CLANG_WARN_SUSPICIOUS_MOVE = YES;
				CLANG_WARN_UNGUARDED_AVAILABILITY = YES_AGGRESSIVE;
				CLANG_WARN_UNREACHABLE_CODE = YES;
				CLANG_WARN__DUPLICATE_METHOD_MATCH = YES;
				COPY_PHASE_STRIP = NO;
				DEBUG_INFORMATION_FORMAT = dwarf;
				ENABLE_STRICT_OBJC_MSGSEND = YES;
				ENABLE_TESTABILITY = YES;
				ENABLE_USER_SCRIPT_SANDBOXING = YES;
				GCC_C_LANGUAGE_STANDARD = gnu17;
				GCC_DYNAMIC_NO_PIC = NO;
				GCC_NO_COMMON_BLOCKS = YES;
				GCC_OPTIMIZATION_LEVEL = 0;
				GCC_PREPROCESSOR_DEFINITIONS = (
					"DEBUG=1",
					"$(inherited)",
				);
				GCC_WARN_64_TO_32_BIT_CONVERSION = YES;
				GCC_WARN_ABOUT_RETURN_TYPE = YES_ERROR;
				GCC_WARN_UNDECLARED_SELECTOR = YES;
				GCC_WARN_UNINITIALIZED_AUTOS = YES_AGGRESSIVE;
				GCC_WARN_UNUSED_FUNCTION = YES;
				GCC_WARN_UNUSED_VARIABLE = YES;
				IPHONEOS_DEPLOYMENT_TARGET = 17.4;
				LOCALIZATION_PREFERS_STRING_CATALOGS = YES;
				MTL_ENABLE_DEBUG_INFO = INCLUDE_SOURCE;
				MTL_FAST_MATH = YES;
				ONLY_ACTIVE_ARCH = YES;
				SDKROOT = iphoneos;
				SWIFT_ACTIVE_COMPILATION_CONDITIONS = "DEBUG $(inherited)";
				SWIFT_OPTIMIZATION_LEVEL = "-Onone";
			};
			name = Debug;
		};
		4B07CC882C45B22100368447 /* Release */ = {
			isa = XCBuildConfiguration;
			buildSettings = {
				ALWAYS_SEARCH_USER_PATHS = NO;
				ASSETCATALOG_COMPILER_GENERATE_SWIFT_ASSET_SYMBOL_EXTENSIONS = YES;
				CLANG_ANALYZER_NONNULL = YES;
				CLANG_ANALYZER_NUMBER_OBJECT_CONVERSION = YES_AGGRESSIVE;
				CLANG_CXX_LANGUAGE_STANDARD = "gnu++20";
				CLANG_ENABLE_MODULES = YES;
				CLANG_ENABLE_OBJC_ARC = YES;
				CLANG_ENABLE_OBJC_WEAK = YES;
				CLANG_WARN_BLOCK_CAPTURE_AUTORELEASING = YES;
				CLANG_WARN_BOOL_CONVERSION = YES;
				CLANG_WARN_COMMA = YES;
				CLANG_WARN_CONSTANT_CONVERSION = YES;
				CLANG_WARN_DEPRECATED_OBJC_IMPLEMENTATIONS = YES;
				CLANG_WARN_DIRECT_OBJC_ISA_USAGE = YES_ERROR;
				CLANG_WARN_DOCUMENTATION_COMMENTS = YES;
				CLANG_WARN_EMPTY_BODY = YES;
				CLANG_WARN_ENUM_CONVERSION = YES;
				CLANG_WARN_INFINITE_RECURSION = YES;
				CLANG_WARN_INT_CONVERSION = YES;
				CLANG_WARN_NON_LITERAL_NULL_CONVERSION = YES;
				CLANG_WARN_OBJC_IMPLICIT_RETAIN_SELF = YES;
				CLANG_WARN_OBJC_LITERAL_CONVERSION = YES;
				CLANG_WARN_OBJC_ROOT_CLASS = YES_ERROR;
				CLANG_WARN_QUOTED_INCLUDE_IN_FRAMEWORK_HEADER = YES;
				CLANG_WARN_RANGE_LOOP_ANALYSIS = YES;
				CLANG_WARN_STRICT_PROTOTYPES = YES;
				CLANG_WARN_SUSPICIOUS_MOVE = YES;
				CLANG_WARN_UNGUARDED_AVAILABILITY = YES_AGGRESSIVE;
				CLANG_WARN_UNREACHABLE_CODE = YES;
				CLANG_WARN__DUPLICATE_METHOD_MATCH = YES;
				COPY_PHASE_STRIP = NO;
				DEBUG_INFORMATION_FORMAT = "dwarf-with-dsym";
				ENABLE_NS_ASSERTIONS = NO;
				ENABLE_STRICT_OBJC_MSGSEND = YES;
				ENABLE_USER_SCRIPT_SANDBOXING = YES;
				GCC_C_LANGUAGE_STANDARD = gnu17;
				GCC_NO_COMMON_BLOCKS = YES;
				GCC_WARN_64_TO_32_BIT_CONVERSION = YES;
				GCC_WARN_ABOUT_RETURN_TYPE = YES_ERROR;
				GCC_WARN_UNDECLARED_SELECTOR = YES;
				GCC_WARN_UNINITIALIZED_AUTOS = YES_AGGRESSIVE;
				GCC_WARN_UNUSED_FUNCTION = YES;
				GCC_WARN_UNUSED_VARIABLE = YES;
				IPHONEOS_DEPLOYMENT_TARGET = 17.4;
				LOCALIZATION_PREFERS_STRING_CATALOGS = YES;
				MTL_ENABLE_DEBUG_INFO = NO;
				MTL_FAST_MATH = YES;
				SDKROOT = iphoneos;
				SWIFT_COMPILATION_MODE = wholemodule;
				VALIDATE_PRODUCT = YES;
			};
			name = Release;
		};
		4B07CC8A2C45B22100368447 /* Debug */ = {
			isa = XCBuildConfiguration;
			buildSettings = {
				ASSETCATALOG_COMPILER_APPICON_NAME = AppIcon;
				ASSETCATALOG_COMPILER_GLOBAL_ACCENT_COLOR_NAME = AccentColor;
				CODE_SIGN_STYLE = Automatic;
				CURRENT_PROJECT_VERSION = 1;
				DEVELOPMENT_TEAM = 8K5Z5UAV3V;
				GENERATE_INFOPLIST_FILE = YES;
				INFOPLIST_FILE = OmdbApiUIKit/Info.plist;
				INFOPLIST_KEY_UIApplicationSupportsIndirectInputEvents = YES;
				INFOPLIST_KEY_UILaunchStoryboardName = LaunchScreen;
				INFOPLIST_KEY_UIMainStoryboardFile = "";
				INFOPLIST_KEY_UISupportedInterfaceOrientations_iPad = "UIInterfaceOrientationPortrait UIInterfaceOrientationPortraitUpsideDown UIInterfaceOrientationLandscapeLeft UIInterfaceOrientationLandscapeRight";
				INFOPLIST_KEY_UISupportedInterfaceOrientations_iPhone = "UIInterfaceOrientationPortrait UIInterfaceOrientationLandscapeLeft UIInterfaceOrientationLandscapeRight";
				LD_RUNPATH_SEARCH_PATHS = (
					"$(inherited)",
					"@executable_path/Frameworks",
				);
				MARKETING_VERSION = 1.0;
				PRODUCT_BUNDLE_IDENTIFIER = com.OmdbApiUIKit;
				PRODUCT_NAME = "$(TARGET_NAME)";
				SWIFT_EMIT_LOC_STRINGS = YES;
				SWIFT_VERSION = 5.0;
				TARGETED_DEVICE_FAMILY = "1,2";
			};
			name = Debug;
		};
		4B07CC8B2C45B22100368447 /* Release */ = {
			isa = XCBuildConfiguration;
			buildSettings = {
				ASSETCATALOG_COMPILER_APPICON_NAME = AppIcon;
				ASSETCATALOG_COMPILER_GLOBAL_ACCENT_COLOR_NAME = AccentColor;
				CODE_SIGN_STYLE = Automatic;
				CURRENT_PROJECT_VERSION = 1;
				DEVELOPMENT_TEAM = 8K5Z5UAV3V;
				GENERATE_INFOPLIST_FILE = YES;
				INFOPLIST_FILE = OmdbApiUIKit/Info.plist;
				INFOPLIST_KEY_UIApplicationSupportsIndirectInputEvents = YES;
				INFOPLIST_KEY_UILaunchStoryboardName = LaunchScreen;
				INFOPLIST_KEY_UIMainStoryboardFile = "";
				INFOPLIST_KEY_UISupportedInterfaceOrientations_iPad = "UIInterfaceOrientationPortrait UIInterfaceOrientationPortraitUpsideDown UIInterfaceOrientationLandscapeLeft UIInterfaceOrientationLandscapeRight";
				INFOPLIST_KEY_UISupportedInterfaceOrientations_iPhone = "UIInterfaceOrientationPortrait UIInterfaceOrientationLandscapeLeft UIInterfaceOrientationLandscapeRight";
				LD_RUNPATH_SEARCH_PATHS = (
					"$(inherited)",
					"@executable_path/Frameworks",
				);
				MARKETING_VERSION = 1.0;
				PRODUCT_BUNDLE_IDENTIFIER = com.OmdbApiUIKit;
				PRODUCT_NAME = "$(TARGET_NAME)";
				SWIFT_EMIT_LOC_STRINGS = YES;
				SWIFT_VERSION = 5.0;
				TARGETED_DEVICE_FAMILY = "1,2";
			};
			name = Release;
		};
		4B07CCFA2C4AB2F100368447 /* Debug */ = {
			isa = XCBuildConfiguration;
			buildSettings = {
				BUNDLE_LOADER = "$(TEST_HOST)";
				CODE_SIGN_STYLE = Automatic;
				CURRENT_PROJECT_VERSION = 1;
				DEVELOPMENT_TEAM = 8K5Z5UAV3V;
				GENERATE_INFOPLIST_FILE = YES;
				MARKETING_VERSION = 1.0;
				PRODUCT_BUNDLE_IDENTIFIER = com.OmdbApiUIKitTests;
				PRODUCT_NAME = "$(TARGET_NAME)";
				SWIFT_EMIT_LOC_STRINGS = NO;
				SWIFT_VERSION = 5.0;
				TARGETED_DEVICE_FAMILY = "1,2";
				TEST_HOST = "$(BUILT_PRODUCTS_DIR)/OmdbApiUIKit.app/$(BUNDLE_EXECUTABLE_FOLDER_PATH)/OmdbApiUIKit";
			};
			name = Debug;
		};
		4B07CCFB2C4AB2F100368447 /* Release */ = {
			isa = XCBuildConfiguration;
			buildSettings = {
				BUNDLE_LOADER = "$(TEST_HOST)";
				CODE_SIGN_STYLE = Automatic;
				CURRENT_PROJECT_VERSION = 1;
				DEVELOPMENT_TEAM = 8K5Z5UAV3V;
				GENERATE_INFOPLIST_FILE = YES;
				MARKETING_VERSION = 1.0;
				PRODUCT_BUNDLE_IDENTIFIER = com.OmdbApiUIKitTests;
				PRODUCT_NAME = "$(TARGET_NAME)";
				SWIFT_EMIT_LOC_STRINGS = NO;
				SWIFT_VERSION = 5.0;
				TARGETED_DEVICE_FAMILY = "1,2";
				TEST_HOST = "$(BUILT_PRODUCTS_DIR)/OmdbApiUIKit.app/$(BUNDLE_EXECUTABLE_FOLDER_PATH)/OmdbApiUIKit";
			};
			name = Release;
		};
/* End XCBuildConfiguration section */

/* Begin XCConfigurationList section */
		4B07CC702C45B21F00368447 /* Build configuration list for PBXProject "OmdbApiUIKit" */ = {
			isa = XCConfigurationList;
			buildConfigurations = (
				4B07CC872C45B22100368447 /* Debug */,
				4B07CC882C45B22100368447 /* Release */,
			);
			defaultConfigurationIsVisible = 0;
			defaultConfigurationName = Release;
		};
		4B07CC892C45B22100368447 /* Build configuration list for PBXNativeTarget "OmdbApiUIKit" */ = {
			isa = XCConfigurationList;
			buildConfigurations = (
				4B07CC8A2C45B22100368447 /* Debug */,
				4B07CC8B2C45B22100368447 /* Release */,
			);
			defaultConfigurationIsVisible = 0;
			defaultConfigurationName = Release;
		};
		4B07CCFC2C4AB2F100368447 /* Build configuration list for PBXNativeTarget "OmdbApiUIKitTests" */ = {
			isa = XCConfigurationList;
			buildConfigurations = (
				4B07CCFA2C4AB2F100368447 /* Debug */,
				4B07CCFB2C4AB2F100368447 /* Release */,
			);
			defaultConfigurationIsVisible = 0;
			defaultConfigurationName = Release;
		};
/* End XCConfigurationList section */
	};
	rootObject = 4B07CC6D2C45B21F00368447 /* Project object */;
}
